
Microsoft Visual Studio Solution File, Format Version 12.00
# Visual Studio Version 17
VisualStudioVersion = 17.14.36414.22 d17.14
MinimumVisualStudioVersion = 10.0.40219.1
Project("{FAE04EC0-301F-11D3-BF4B-00C04F79EFBC}") = "BreathAIClient", "BreathAIClient.csproj", "{DE955166-A008-4318-A990-C7BE69B9986A}"
EndProject
Global
	GlobalSection(SolutionConfigurationPlatforms) = preSolution
		Debug|Any CPU = Debug|Any CPU
		Release|Any CPU = Release|Any CPU
	EndGlobalSection
	GlobalSection(ProjectConfigurationPlatforms) = postSolution
		{DE955166-A008-4318-A990-C7BE69B9986A}.Debug|Any CPU.ActiveCfg = Debug|Any CPU
		{DE955166-A008-4318-A990-C7BE69B9986A}.Debug|Any CPU.Build.0 = Debug|Any CPU
		{DE955166-A008-4318-A990-C7BE69B9986A}.Release|Any CPU.ActiveCfg = Release|Any CPU
		{DE955166-A008-4318-A990-C7BE69B9986A}.Release|Any CPU.Build.0 = Release|Any CPU
	EndGlobalSection
	GlobalSection(SolutionProperties) = preSolution
		HideSolutionNode = FALSE
	EndGlobalSection
	GlobalSection(ExtensibilityGlobals) = postSolution
		SolutionGuid = {C1B95483-A61A-436D-BC28-8AE1867F8586}
	EndGlobalSection
EndGlobal
